
Microsoft Visual Studio Solution File, Format Version 12.00
# Visual Studio Version 17
VisualStudioVersion = 17.2.32616.157
MinimumVisualStudioVersion = 10.0.40219.1
Project("{9A19103F-16F7-4668-BE54-9A1E7A4F7556}") = "MarkDocMVC", "MarkDocMVC\MarkDocMVC.csproj", "{35DB491D-65DB-4444-908A-5DD54FB21EC6}"
EndProject
Global
	GlobalSection(SolutionConfigurationPlatforms) = preSolution
		Debug|Any CPU = Debug|Any CPU
		Release|Any CPU = Release|Any CPU
	EndGlobalSection
	GlobalSection(ProjectConfigurationPlatforms) = postSolution
		{35DB491D-65DB-4444-908A-5DD54FB21EC6}.Debug|Any CPU.ActiveCfg = Debug|Any CPU
		{35DB491D-65DB-4444-908A-5DD54FB21EC6}.Debug|Any CPU.Build.0 = Debug|Any CPU
		{35DB491D-65DB-4444-908A-5DD54FB21EC6}.Release|Any CPU.ActiveCfg = Release|Any CPU
		{35DB491D-65DB-4444-908A-5DD54FB21EC6}.Release|Any CPU.Build.0 = Release|Any CPU
	EndGlobalSection
	GlobalSection(SolutionProperties) = preSolution
		HideSolutionNode = FALSE
	EndGlobalSection
	GlobalSection(ExtensibilityGlobals) = postSolution
		SolutionGuid = {2C81E40F-384E-4A97-9303-0D0089417044}
	EndGlobalSection
EndGlobal
